
Microsoft Visual Studio Solution File, Format Version 12.00
# Visual Studio Version 17
VisualStudioVersion = 17.11.35312.102
MinimumVisualStudioVersion = 10.0.40219.1
Project("{FAE04EC0-301F-11D3-BF4B-00C04F79EFBC}") = "proba", "proba.csproj", "{A81CAFAC-10A7-47C7-B7F0-34EDF1B4DF8B}"
EndProject
Global
	GlobalSection(SolutionConfigurationPlatforms) = preSolution
		Debug|Any CPU = Debug|Any CPU
		Release|Any CPU = Release|Any CPU
	EndGlobalSection
	GlobalSection(ProjectConfigurationPlatforms) = postSolution
		{A81CAFAC-10A7-47C7-B7F0-34EDF1B4DF8B}.Debug|Any CPU.ActiveCfg = Debug|Any CPU
		{A81CAFAC-10A7-47C7-B7F0-34EDF1B4DF8B}.Debug|Any CPU.Build.0 = Debug|Any CPU
		{A81CAFAC-10A7-47C7-B7F0-34EDF1B4DF8B}.Release|Any CPU.ActiveCfg = Release|Any CPU
		{A81CAFAC-10A7-47C7-B7F0-34EDF1B4DF8B}.Release|Any CPU.Build.0 = Release|Any CPU
	EndGlobalSection
	GlobalSection(SolutionProperties) = preSolution
		HideSolutionNode = FALSE
	EndGlobalSection
	GlobalSection(ExtensibilityGlobals) = postSolution
		SolutionGuid = {8D99E4D7-4798-457C-B1C8-D5624ED9D90B}
	EndGlobalSection
EndGlobal
